
Microsoft Visual Studio Solution File, Format Version 12.00
# Visual Studio Version 17
VisualStudioVersion = 17.13.35931.197 d17.13
MinimumVisualStudioVersion = 10.0.40219.1
Project("{FAE04EC0-301F-11D3-BF4B-00C04F79EFBC}") = "Course", "Course\Course.csproj", "{B87928EC-5B73-440F-AC5E-38DF5CED5611}"
EndProject
Global
	GlobalSection(SolutionConfigurationPlatforms) = preSolution
		Debug|Any CPU = Debug|Any CPU
		Release|Any CPU = Release|Any CPU
	EndGlobalSection
	GlobalSection(ProjectConfigurationPlatforms) = postSolution
		{B87928EC-5B73-440F-AC5E-38DF5CED5611}.Debug|Any CPU.ActiveCfg = Debug|Any CPU
		{B87928EC-5B73-440F-AC5E-38DF5CED5611}.Debug|Any CPU.Build.0 = Debug|Any CPU
		{B87928EC-5B73-440F-AC5E-38DF5CED5611}.Release|Any CPU.ActiveCfg = Release|Any CPU
		{B87928EC-5B73-440F-AC5E-38DF5CED5611}.Release|Any CPU.Build.0 = Release|Any CPU
	EndGlobalSection
	GlobalSection(SolutionProperties) = preSolution
		HideSolutionNode = FALSE
	EndGlobalSection
	GlobalSection(ExtensibilityGlobals) = postSolution
		SolutionGuid = {43C131FE-AE92-4530-BFBE-2514C654E27F}
	EndGlobalSection
EndGlobal
