
Microsoft Visual Studio Solution File, Format Version 12.00
# Visual Studio Version 17
VisualStudioVersion = 17.13.35931.197 d17.13
MinimumVisualStudioVersion = 10.0.40219.1
Project("{FAE04EC0-301F-11D3-BF4B-00C04F79EFBC}") = "Exercise01", "Exercise01\Exercise01.csproj", "{9FAE993D-AD88-48B1-A55C-B4ACC3340865}"
EndProject
Global
	GlobalSection(SolutionConfigurationPlatforms) = preSolution
		Debug|Any CPU = Debug|Any CPU
		Release|Any CPU = Release|Any CPU
	EndGlobalSection
	GlobalSection(ProjectConfigurationPlatforms) = postSolution
		{9FAE993D-AD88-48B1-A55C-B4ACC3340865}.Debug|Any CPU.ActiveCfg = Debug|Any CPU
		{9FAE993D-AD88-48B1-A55C-B4ACC3340865}.Debug|Any CPU.Build.0 = Debug|Any CPU
		{9FAE993D-AD88-48B1-A55C-B4ACC3340865}.Release|Any CPU.ActiveCfg = Release|Any CPU
		{9FAE993D-AD88-48B1-A55C-B4ACC3340865}.Release|Any CPU.Build.0 = Release|Any CPU
	EndGlobalSection
	GlobalSection(SolutionProperties) = preSolution
		HideSolutionNode = FALSE
	EndGlobalSection
	GlobalSection(ExtensibilityGlobals) = postSolution
		SolutionGuid = {11DB29D7-CDAD-4AE9-975A-08D67AD4C5A4}
	EndGlobalSection
EndGlobal
