
Microsoft Visual Studio Solution File, Format Version 12.00
# Visual Studio Version 17
VisualStudioVersion = 17.13.35931.197 d17.13
MinimumVisualStudioVersion = 10.0.40219.1
Project("{FAE04EC0-301F-11D3-BF4B-00C04F79EFBC}") = "ExpressaoCondicionariaTernaria", "ExpressaoCondicionariaTernaria\ExpressaoCondicionariaTernaria.csproj", "{72C7539E-F072-4FA4-AAFC-DE0CC52C87FE}"
EndProject
Global
	GlobalSection(SolutionConfigurationPlatforms) = preSolution
		Debug|Any CPU = Debug|Any CPU
		Release|Any CPU = Release|Any CPU
	EndGlobalSection
	GlobalSection(ProjectConfigurationPlatforms) = postSolution
		{72C7539E-F072-4FA4-AAFC-DE0CC52C87FE}.Debug|Any CPU.ActiveCfg = Debug|Any CPU
		{72C7539E-F072-4FA4-AAFC-DE0CC52C87FE}.Debug|Any CPU.Build.0 = Debug|Any CPU
		{72C7539E-F072-4FA4-AAFC-DE0CC52C87FE}.Release|Any CPU.ActiveCfg = Release|Any CPU
		{72C7539E-F072-4FA4-AAFC-DE0CC52C87FE}.Release|Any CPU.Build.0 = Release|Any CPU
	EndGlobalSection
	GlobalSection(SolutionProperties) = preSolution
		HideSolutionNode = FALSE
	EndGlobalSection
	GlobalSection(ExtensibilityGlobals) = postSolution
		SolutionGuid = {3758CE00-437F-42D5-A979-020CF7A89892}
	EndGlobalSection
EndGlobal
