
Microsoft Visual Studio Solution File, Format Version 12.00
# Visual Studio Version 17
VisualStudioVersion = 17.13.35931.197 d17.13
MinimumVisualStudioVersion = 10.0.40219.1
Project("{FAE04EC0-301F-11D3-BF4B-00C04F79EFBC}") = "Composition1", "Composition1\Composition1.csproj", "{FAF894D3-B47A-4458-AB7E-9E830BF65C3A}"
EndProject
Global
	GlobalSection(SolutionConfigurationPlatforms) = preSolution
		Debug|Any CPU = Debug|Any CPU
		Release|Any CPU = Release|Any CPU
	EndGlobalSection
	GlobalSection(ProjectConfigurationPlatforms) = postSolution
		{FAF894D3-B47A-4458-AB7E-9E830BF65C3A}.Debug|Any CPU.ActiveCfg = Debug|Any CPU
		{FAF894D3-B47A-4458-AB7E-9E830BF65C3A}.Debug|Any CPU.Build.0 = Debug|Any CPU
		{FAF894D3-B47A-4458-AB7E-9E830BF65C3A}.Release|Any CPU.ActiveCfg = Release|Any CPU
		{FAF894D3-B47A-4458-AB7E-9E830BF65C3A}.Release|Any CPU.Build.0 = Release|Any CPU
	EndGlobalSection
	GlobalSection(SolutionProperties) = preSolution
		HideSolutionNode = FALSE
	EndGlobalSection
	GlobalSection(ExtensibilityGlobals) = postSolution
		SolutionGuid = {F9EFA14F-85A3-4070-92E7-E29D839BFAC2}
	EndGlobalSection
EndGlobal
