
Microsoft Visual Studio Solution File, Format Version 12.00
# Visual Studio Version 17
VisualStudioVersion = 17.13.35931.197 d17.13
MinimumVisualStudioVersion = 10.0.40219.1
Project("{FAE04EC0-301F-11D3-BF4B-00C04F79EFBC}") = "StringBuilder", "StringBuilder\StringBuilder.csproj", "{CA1A4841-B0F0-4760-A107-3C1C5A7CA2EC}"
EndProject
Global
	GlobalSection(SolutionConfigurationPlatforms) = preSolution
		Debug|Any CPU = Debug|Any CPU
		Release|Any CPU = Release|Any CPU
	EndGlobalSection
	GlobalSection(ProjectConfigurationPlatforms) = postSolution
		{CA1A4841-B0F0-4760-A107-3C1C5A7CA2EC}.Debug|Any CPU.ActiveCfg = Debug|Any CPU
		{CA1A4841-B0F0-4760-A107-3C1C5A7CA2EC}.Debug|Any CPU.Build.0 = Debug|Any CPU
		{CA1A4841-B0F0-4760-A107-3C1C5A7CA2EC}.Release|Any CPU.ActiveCfg = Release|Any CPU
		{CA1A4841-B0F0-4760-A107-3C1C5A7CA2EC}.Release|Any CPU.Build.0 = Release|Any CPU
	EndGlobalSection
	GlobalSection(SolutionProperties) = preSolution
		HideSolutionNode = FALSE
	EndGlobalSection
	GlobalSection(ExtensibilityGlobals) = postSolution
		SolutionGuid = {CF08FA36-7E3D-46B9-9960-DAD17422CBCC}
	EndGlobalSection
EndGlobal
