
Microsoft Visual Studio Solution File, Format Version 12.00
# Visual Studio Version 17
VisualStudioVersion = 17.13.35931.197 d17.13
MinimumVisualStudioVersion = 10.0.40219.1
Project("{FAE04EC0-301F-11D3-BF4B-00C04F79EFBC}") = "Course", "Course\Course.csproj", "{658965F8-42F2-4D00-8A0B-54AB18C20424}"
EndProject
Global
	GlobalSection(SolutionConfigurationPlatforms) = preSolution
		Debug|Any CPU = Debug|Any CPU
		Release|Any CPU = Release|Any CPU
	EndGlobalSection
	GlobalSection(ProjectConfigurationPlatforms) = postSolution
		{658965F8-42F2-4D00-8A0B-54AB18C20424}.Debug|Any CPU.ActiveCfg = Debug|Any CPU
		{658965F8-42F2-4D00-8A0B-54AB18C20424}.Debug|Any CPU.Build.0 = Debug|Any CPU
		{658965F8-42F2-4D00-8A0B-54AB18C20424}.Release|Any CPU.ActiveCfg = Release|Any CPU
		{658965F8-42F2-4D00-8A0B-54AB18C20424}.Release|Any CPU.Build.0 = Release|Any CPU
	EndGlobalSection
	GlobalSection(SolutionProperties) = preSolution
		HideSolutionNode = FALSE
	EndGlobalSection
	GlobalSection(ExtensibilityGlobals) = postSolution
		SolutionGuid = {969F2EAF-369A-4F6F-A5A9-6CD246D8B372}
	EndGlobalSection
EndGlobal
