
Microsoft Visual Studio Solution File, Format Version 12.00
# Visual Studio Version 17
VisualStudioVersion = 17.13.35931.197 d17.13
MinimumVisualStudioVersion = 10.0.40219.1
Project("{FAE04EC0-301F-11D3-BF4B-00C04F79EFBC}") = "Exemplo01", "Exemplo01\Exemplo01.csproj", "{195E8A18-5123-4940-9566-4A9C3E1382D4}"
EndProject
Global
	GlobalSection(SolutionConfigurationPlatforms) = preSolution
		Debug|Any CPU = Debug|Any CPU
		Release|Any CPU = Release|Any CPU
	EndGlobalSection
	GlobalSection(ProjectConfigurationPlatforms) = postSolution
		{195E8A18-5123-4940-9566-4A9C3E1382D4}.Debug|Any CPU.ActiveCfg = Debug|Any CPU
		{195E8A18-5123-4940-9566-4A9C3E1382D4}.Debug|Any CPU.Build.0 = Debug|Any CPU
		{195E8A18-5123-4940-9566-4A9C3E1382D4}.Release|Any CPU.ActiveCfg = Release|Any CPU
		{195E8A18-5123-4940-9566-4A9C3E1382D4}.Release|Any CPU.Build.0 = Release|Any CPU
	EndGlobalSection
	GlobalSection(SolutionProperties) = preSolution
		HideSolutionNode = FALSE
	EndGlobalSection
	GlobalSection(ExtensibilityGlobals) = postSolution
		SolutionGuid = {A0F62038-D4ED-421A-AE09-97748070C31B}
	EndGlobalSection
EndGlobal
