
Microsoft Visual Studio Solution File, Format Version 12.00
# Visual Studio Version 17
VisualStudioVersion = 17.13.35931.197 d17.13
MinimumVisualStudioVersion = 10.0.40219.1
Project("{FAE04EC0-301F-11D3-BF4B-00C04F79EFBC}") = "Course", "Course\Course.csproj", "{795AB2F3-F08D-499F-9FE1-E0A47337EAF8}"
EndProject
Global
	GlobalSection(SolutionConfigurationPlatforms) = preSolution
		Debug|Any CPU = Debug|Any CPU
		Release|Any CPU = Release|Any CPU
	EndGlobalSection
	GlobalSection(ProjectConfigurationPlatforms) = postSolution
		{795AB2F3-F08D-499F-9FE1-E0A47337EAF8}.Debug|Any CPU.ActiveCfg = Debug|Any CPU
		{795AB2F3-F08D-499F-9FE1-E0A47337EAF8}.Debug|Any CPU.Build.0 = Debug|Any CPU
		{795AB2F3-F08D-499F-9FE1-E0A47337EAF8}.Release|Any CPU.ActiveCfg = Release|Any CPU
		{795AB2F3-F08D-499F-9FE1-E0A47337EAF8}.Release|Any CPU.Build.0 = Release|Any CPU
	EndGlobalSection
	GlobalSection(SolutionProperties) = preSolution
		HideSolutionNode = FALSE
	EndGlobalSection
	GlobalSection(ExtensibilityGlobals) = postSolution
		SolutionGuid = {8E852A68-BBF3-47E4-A617-3216A3A49316}
	EndGlobalSection
EndGlobal
