
Microsoft Visual Studio Solution File, Format Version 12.00
# Visual Studio Version 17
VisualStudioVersion = 17.13.35931.197 d17.13
MinimumVisualStudioVersion = 10.0.40219.1
Project("{FAE04EC0-301F-11D3-BF4B-00C04F79EFBC}") = "Exercise01", "Exercise01\Exercise01.csproj", "{9E795E0B-840B-4B9A-AA22-B0634F84E4E8}"
EndProject
Global
	GlobalSection(SolutionConfigurationPlatforms) = preSolution
		Debug|Any CPU = Debug|Any CPU
		Release|Any CPU = Release|Any CPU
	EndGlobalSection
	GlobalSection(ProjectConfigurationPlatforms) = postSolution
		{9E795E0B-840B-4B9A-AA22-B0634F84E4E8}.Debug|Any CPU.ActiveCfg = Debug|Any CPU
		{9E795E0B-840B-4B9A-AA22-B0634F84E4E8}.Debug|Any CPU.Build.0 = Debug|Any CPU
		{9E795E0B-840B-4B9A-AA22-B0634F84E4E8}.Release|Any CPU.ActiveCfg = Release|Any CPU
		{9E795E0B-840B-4B9A-AA22-B0634F84E4E8}.Release|Any CPU.Build.0 = Release|Any CPU
	EndGlobalSection
	GlobalSection(SolutionProperties) = preSolution
		HideSolutionNode = FALSE
	EndGlobalSection
	GlobalSection(ExtensibilityGlobals) = postSolution
		SolutionGuid = {BC768511-2E90-4B7F-85D5-CDC3E30EB700}
	EndGlobalSection
EndGlobal
