
Microsoft Visual Studio Solution File, Format Version 12.00
# Visual Studio Version 17
VisualStudioVersion = 17.13.35931.197 d17.13
MinimumVisualStudioVersion = 10.0.40219.1
Project("{FAE04EC0-301F-11D3-BF4B-00C04F79EFBC}") = "PrimeiroProjeto", "PrimeiroProjeto\PrimeiroProjeto.csproj", "{ED75655C-7630-49C0-8FD3-CEE350AD7314}"
EndProject
Global
	GlobalSection(SolutionConfigurationPlatforms) = preSolution
		Debug|Any CPU = Debug|Any CPU
		Release|Any CPU = Release|Any CPU
	EndGlobalSection
	GlobalSection(ProjectConfigurationPlatforms) = postSolution
		{ED75655C-7630-49C0-8FD3-CEE350AD7314}.Debug|Any CPU.ActiveCfg = Debug|Any CPU
		{ED75655C-7630-49C0-8FD3-CEE350AD7314}.Debug|Any CPU.Build.0 = Debug|Any CPU
		{ED75655C-7630-49C0-8FD3-CEE350AD7314}.Release|Any CPU.ActiveCfg = Release|Any CPU
		{ED75655C-7630-49C0-8FD3-CEE350AD7314}.Release|Any CPU.Build.0 = Release|Any CPU
	EndGlobalSection
	GlobalSection(SolutionProperties) = preSolution
		HideSolutionNode = FALSE
	EndGlobalSection
	GlobalSection(ExtensibilityGlobals) = postSolution
		SolutionGuid = {783C04C2-D8CD-4BAA-92FA-2129A9BD61DB}
	EndGlobalSection
EndGlobal
