
Microsoft Visual Studio Solution File, Format Version 12.00
# Visual Studio Version 17
VisualStudioVersion = 17.13.35931.197 d17.13
MinimumVisualStudioVersion = 10.0.40219.1
Project("{FAE04EC0-301F-11D3-BF4B-00C04F79EFBC}") = "Exemplo02", "Exemplo02\Exemplo02.csproj", "{E2B383CF-66A9-47C4-8D4F-350E5654E147}"
EndProject
Global
	GlobalSection(SolutionConfigurationPlatforms) = preSolution
		Debug|Any CPU = Debug|Any CPU
		Release|Any CPU = Release|Any CPU
	EndGlobalSection
	GlobalSection(ProjectConfigurationPlatforms) = postSolution
		{E2B383CF-66A9-47C4-8D4F-350E5654E147}.Debug|Any CPU.ActiveCfg = Debug|Any CPU
		{E2B383CF-66A9-47C4-8D4F-350E5654E147}.Debug|Any CPU.Build.0 = Debug|Any CPU
		{E2B383CF-66A9-47C4-8D4F-350E5654E147}.Release|Any CPU.ActiveCfg = Release|Any CPU
		{E2B383CF-66A9-47C4-8D4F-350E5654E147}.Release|Any CPU.Build.0 = Release|Any CPU
	EndGlobalSection
	GlobalSection(SolutionProperties) = preSolution
		HideSolutionNode = FALSE
	EndGlobalSection
	GlobalSection(ExtensibilityGlobals) = postSolution
		SolutionGuid = {34F4905E-660E-477F-AB81-86D714F252BE}
	EndGlobalSection
EndGlobal
