
Microsoft Visual Studio Solution File, Format Version 12.00
# Visual Studio Version 17
VisualStudioVersion = 17.13.35931.197 d17.13
MinimumVisualStudioVersion = 10.0.40219.1
Project("{FAE04EC0-301F-11D3-BF4B-00C04F79EFBC}") = "Exercise03", "Exercise03\Exercise03.csproj", "{D5B851DE-48DC-42BA-BEFF-B8948BB7C766}"
EndProject
Global
	GlobalSection(SolutionConfigurationPlatforms) = preSolution
		Debug|Any CPU = Debug|Any CPU
		Release|Any CPU = Release|Any CPU
	EndGlobalSection
	GlobalSection(ProjectConfigurationPlatforms) = postSolution
		{D5B851DE-48DC-42BA-BEFF-B8948BB7C766}.Debug|Any CPU.ActiveCfg = Debug|Any CPU
		{D5B851DE-48DC-42BA-BEFF-B8948BB7C766}.Debug|Any CPU.Build.0 = Debug|Any CPU
		{D5B851DE-48DC-42BA-BEFF-B8948BB7C766}.Release|Any CPU.ActiveCfg = Release|Any CPU
		{D5B851DE-48DC-42BA-BEFF-B8948BB7C766}.Release|Any CPU.Build.0 = Release|Any CPU
	EndGlobalSection
	GlobalSection(SolutionProperties) = preSolution
		HideSolutionNode = FALSE
	EndGlobalSection
	GlobalSection(ExtensibilityGlobals) = postSolution
		SolutionGuid = {CFFA25E0-980F-473F-86B6-F605E674EE63}
	EndGlobalSection
EndGlobal
